
Microsoft Visual Studio Solution File, Format Version 12.00
# Visual Studio Version 16
VisualStudioVersion = 16.0.32228.343
MinimumVisualStudioVersion = 10.0.40219.1
Project("{FAE04EC0-301F-11D3-BF4B-00C04F79EFBC}") = "Facebook", "Facebook\Facebook.csproj", "{748A1018-EC8F-42F1-908E-277DDD95AA0B}"
EndProject
Project("{FAE04EC0-301F-11D3-BF4B-00C04F79EFBC}") = "ConsoleApp5", "..\ConsoleApp5\ConsoleApp5\ConsoleApp5.csproj", "{F699EBCE-F3FD-4B88-BD9A-5821E5B6C2D7}"
EndProject
Global
	GlobalSection(SolutionConfigurationPlatforms) = preSolution
		Debug|Any CPU = Debug|Any CPU
		Release|Any CPU = Release|Any CPU
	EndGlobalSection
	GlobalSection(ProjectConfigurationPlatforms) = postSolution
		{748A1018-EC8F-42F1-908E-277DDD95AA0B}.Debug|Any CPU.ActiveCfg = Debug|Any CPU
		{748A1018-EC8F-42F1-908E-277DDD95AA0B}.Debug|Any CPU.Build.0 = Debug|Any CPU
		{748A1018-EC8F-42F1-908E-277DDD95AA0B}.Release|Any CPU.ActiveCfg = Release|Any CPU
		{748A1018-EC8F-42F1-908E-277DDD95AA0B}.Release|Any CPU.Build.0 = Release|Any CPU
		{F699EBCE-F3FD-4B88-BD9A-5821E5B6C2D7}.Debug|Any CPU.ActiveCfg = Debug|Any CPU
		{F699EBCE-F3FD-4B88-BD9A-5821E5B6C2D7}.Debug|Any CPU.Build.0 = Debug|Any CPU
		{F699EBCE-F3FD-4B88-BD9A-5821E5B6C2D7}.Release|Any CPU.ActiveCfg = Release|Any CPU
		{F699EBCE-F3FD-4B88-BD9A-5821E5B6C2D7}.Release|Any CPU.Build.0 = Release|Any CPU
	EndGlobalSection
	GlobalSection(SolutionProperties) = preSolution
		HideSolutionNode = FALSE
	EndGlobalSection
	GlobalSection(ExtensibilityGlobals) = postSolution
		SolutionGuid = {5A19CB9D-CE6F-4437-8DD9-CDE3320A6AC9}
	EndGlobalSection
EndGlobal
